
Microsoft Visual Studio Solution File, Format Version 12.00
# Visual Studio Version 17
VisualStudioVersion = 17.13.35919.96 d17.13
MinimumVisualStudioVersion = 10.0.40219.1
Project("{FAE04EC0-301F-11D3-BF4B-00C04F79EFBC}") = "Bài1", "Bài1\Bài1.csproj", "{154BB99F-0F4B-421F-BBB1-FB883EF5A510}"
EndProject
Global
	GlobalSection(SolutionConfigurationPlatforms) = preSolution
		Debug|Any CPU = Debug|Any CPU
		Release|Any CPU = Release|Any CPU
	EndGlobalSection
	GlobalSection(ProjectConfigurationPlatforms) = postSolution
		{154BB99F-0F4B-421F-BBB1-FB883EF5A510}.Debug|Any CPU.ActiveCfg = Debug|Any CPU
		{154BB99F-0F4B-421F-BBB1-FB883EF5A510}.Debug|Any CPU.Build.0 = Debug|Any CPU
		{154BB99F-0F4B-421F-BBB1-FB883EF5A510}.Release|Any CPU.ActiveCfg = Release|Any CPU
		{154BB99F-0F4B-421F-BBB1-FB883EF5A510}.Release|Any CPU.Build.0 = Release|Any CPU
	EndGlobalSection
	GlobalSection(SolutionProperties) = preSolution
		HideSolutionNode = FALSE
	EndGlobalSection
	GlobalSection(ExtensibilityGlobals) = postSolution
		SolutionGuid = {68ED19A4-F2EF-4574-A235-FE9069DD6858}
	EndGlobalSection
EndGlobal
