
Microsoft Visual Studio Solution File, Format Version 12.00
# Visual Studio Version 17
VisualStudioVersion = 17.13.35919.96 d17.13
MinimumVisualStudioVersion = 10.0.40219.1
Project("{FAE04EC0-301F-11D3-BF4B-00C04F79EFBC}") = "Bài7", "Bài7\Bài7.csproj", "{5182A449-A240-4DA4-ABB8-C39CC87DA2EB}"
EndProject
Global
	GlobalSection(SolutionConfigurationPlatforms) = preSolution
		Debug|Any CPU = Debug|Any CPU
		Release|Any CPU = Release|Any CPU
	EndGlobalSection
	GlobalSection(ProjectConfigurationPlatforms) = postSolution
		{5182A449-A240-4DA4-ABB8-C39CC87DA2EB}.Debug|Any CPU.ActiveCfg = Debug|Any CPU
		{5182A449-A240-4DA4-ABB8-C39CC87DA2EB}.Debug|Any CPU.Build.0 = Debug|Any CPU
		{5182A449-A240-4DA4-ABB8-C39CC87DA2EB}.Release|Any CPU.ActiveCfg = Release|Any CPU
		{5182A449-A240-4DA4-ABB8-C39CC87DA2EB}.Release|Any CPU.Build.0 = Release|Any CPU
	EndGlobalSection
	GlobalSection(SolutionProperties) = preSolution
		HideSolutionNode = FALSE
	EndGlobalSection
	GlobalSection(ExtensibilityGlobals) = postSolution
		SolutionGuid = {549B899B-7616-4B93-BB10-7548C162B6E6}
	EndGlobalSection
EndGlobal
