
Microsoft Visual Studio Solution File, Format Version 12.00
# Visual Studio Version 17
VisualStudioVersion = 17.13.35919.96 d17.13
MinimumVisualStudioVersion = 10.0.40219.1
Project("{FAE04EC0-301F-11D3-BF4B-00C04F79EFBC}") = "Bài2", "Bài2\Bài2.csproj", "{106FFCEA-A71B-40AA-B18C-9647864C71CA}"
EndProject
Global
	GlobalSection(SolutionConfigurationPlatforms) = preSolution
		Debug|Any CPU = Debug|Any CPU
		Release|Any CPU = Release|Any CPU
	EndGlobalSection
	GlobalSection(ProjectConfigurationPlatforms) = postSolution
		{106FFCEA-A71B-40AA-B18C-9647864C71CA}.Debug|Any CPU.ActiveCfg = Debug|Any CPU
		{106FFCEA-A71B-40AA-B18C-9647864C71CA}.Debug|Any CPU.Build.0 = Debug|Any CPU
		{106FFCEA-A71B-40AA-B18C-9647864C71CA}.Release|Any CPU.ActiveCfg = Release|Any CPU
		{106FFCEA-A71B-40AA-B18C-9647864C71CA}.Release|Any CPU.Build.0 = Release|Any CPU
	EndGlobalSection
	GlobalSection(SolutionProperties) = preSolution
		HideSolutionNode = FALSE
	EndGlobalSection
	GlobalSection(ExtensibilityGlobals) = postSolution
		SolutionGuid = {43B3B519-C901-469A-BD78-D0DDFFDBAF3B}
	EndGlobalSection
EndGlobal
