
Microsoft Visual Studio Solution File, Format Version 12.00
# Visual Studio Version 17
VisualStudioVersion = 17.13.35919.96 d17.13
MinimumVisualStudioVersion = 10.0.40219.1
Project("{FAE04EC0-301F-11D3-BF4B-00C04F79EFBC}") = "Bài3", "Bài3\Bài3.csproj", "{649A73D7-962D-4069-AFBF-31578ADC9654}"
EndProject
Global
	GlobalSection(SolutionConfigurationPlatforms) = preSolution
		Debug|Any CPU = Debug|Any CPU
		Release|Any CPU = Release|Any CPU
	EndGlobalSection
	GlobalSection(ProjectConfigurationPlatforms) = postSolution
		{649A73D7-962D-4069-AFBF-31578ADC9654}.Debug|Any CPU.ActiveCfg = Debug|Any CPU
		{649A73D7-962D-4069-AFBF-31578ADC9654}.Debug|Any CPU.Build.0 = Debug|Any CPU
		{649A73D7-962D-4069-AFBF-31578ADC9654}.Release|Any CPU.ActiveCfg = Release|Any CPU
		{649A73D7-962D-4069-AFBF-31578ADC9654}.Release|Any CPU.Build.0 = Release|Any CPU
	EndGlobalSection
	GlobalSection(SolutionProperties) = preSolution
		HideSolutionNode = FALSE
	EndGlobalSection
	GlobalSection(ExtensibilityGlobals) = postSolution
		SolutionGuid = {0BFAC3E4-DDBE-4C3E-9D36-A7C942F688E6}
	EndGlobalSection
EndGlobal
