
Microsoft Visual Studio Solution File, Format Version 12.00
# Visual Studio Version 17
VisualStudioVersion = 17.13.35919.96 d17.13
MinimumVisualStudioVersion = 10.0.40219.1
Project("{FAE04EC0-301F-11D3-BF4B-00C04F79EFBC}") = "Bài8", "Bài8\Bài8.csproj", "{C6D813B8-07BB-405F-B713-4FB0692B772C}"
EndProject
Global
	GlobalSection(SolutionConfigurationPlatforms) = preSolution
		Debug|Any CPU = Debug|Any CPU
		Release|Any CPU = Release|Any CPU
	EndGlobalSection
	GlobalSection(ProjectConfigurationPlatforms) = postSolution
		{C6D813B8-07BB-405F-B713-4FB0692B772C}.Debug|Any CPU.ActiveCfg = Debug|Any CPU
		{C6D813B8-07BB-405F-B713-4FB0692B772C}.Debug|Any CPU.Build.0 = Debug|Any CPU
		{C6D813B8-07BB-405F-B713-4FB0692B772C}.Release|Any CPU.ActiveCfg = Release|Any CPU
		{C6D813B8-07BB-405F-B713-4FB0692B772C}.Release|Any CPU.Build.0 = Release|Any CPU
	EndGlobalSection
	GlobalSection(SolutionProperties) = preSolution
		HideSolutionNode = FALSE
	EndGlobalSection
	GlobalSection(ExtensibilityGlobals) = postSolution
		SolutionGuid = {E7514313-1EA3-4E03-AC77-7E08510E2E71}
	EndGlobalSection
EndGlobal
