
Microsoft Visual Studio Solution File, Format Version 12.00
# Visual Studio Version 17
VisualStudioVersion = 17.13.35919.96 d17.13
MinimumVisualStudioVersion = 10.0.40219.1
Project("{FAE04EC0-301F-11D3-BF4B-00C04F79EFBC}") = "Bài10", "Bài10\Bài10.csproj", "{458634CD-A78F-45F5-B9DC-44FE06726926}"
EndProject
Global
	GlobalSection(SolutionConfigurationPlatforms) = preSolution
		Debug|Any CPU = Debug|Any CPU
		Release|Any CPU = Release|Any CPU
	EndGlobalSection
	GlobalSection(ProjectConfigurationPlatforms) = postSolution
		{458634CD-A78F-45F5-B9DC-44FE06726926}.Debug|Any CPU.ActiveCfg = Debug|Any CPU
		{458634CD-A78F-45F5-B9DC-44FE06726926}.Debug|Any CPU.Build.0 = Debug|Any CPU
		{458634CD-A78F-45F5-B9DC-44FE06726926}.Release|Any CPU.ActiveCfg = Release|Any CPU
		{458634CD-A78F-45F5-B9DC-44FE06726926}.Release|Any CPU.Build.0 = Release|Any CPU
	EndGlobalSection
	GlobalSection(SolutionProperties) = preSolution
		HideSolutionNode = FALSE
	EndGlobalSection
	GlobalSection(ExtensibilityGlobals) = postSolution
		SolutionGuid = {EEB633E1-98C0-414F-86A7-BB7CB3AFB117}
	EndGlobalSection
EndGlobal
