
Microsoft Visual Studio Solution File, Format Version 12.00
# Visual Studio Version 17
VisualStudioVersion = 17.13.35919.96 d17.13
MinimumVisualStudioVersion = 10.0.40219.1
Project("{FAE04EC0-301F-11D3-BF4B-00C04F79EFBC}") = "Bài5", "Bài5\Bài5.csproj", "{BE565D89-6AD0-4B72-817E-6AFE2A04F9A3}"
EndProject
Global
	GlobalSection(SolutionConfigurationPlatforms) = preSolution
		Debug|Any CPU = Debug|Any CPU
		Release|Any CPU = Release|Any CPU
	EndGlobalSection
	GlobalSection(ProjectConfigurationPlatforms) = postSolution
		{BE565D89-6AD0-4B72-817E-6AFE2A04F9A3}.Debug|Any CPU.ActiveCfg = Debug|Any CPU
		{BE565D89-6AD0-4B72-817E-6AFE2A04F9A3}.Debug|Any CPU.Build.0 = Debug|Any CPU
		{BE565D89-6AD0-4B72-817E-6AFE2A04F9A3}.Release|Any CPU.ActiveCfg = Release|Any CPU
		{BE565D89-6AD0-4B72-817E-6AFE2A04F9A3}.Release|Any CPU.Build.0 = Release|Any CPU
	EndGlobalSection
	GlobalSection(SolutionProperties) = preSolution
		HideSolutionNode = FALSE
	EndGlobalSection
	GlobalSection(ExtensibilityGlobals) = postSolution
		SolutionGuid = {65465818-508D-4BEA-984C-160FF521775C}
	EndGlobalSection
EndGlobal
